
Microsoft Visual Studio Solution File, Format Version 12.00
# Visual Studio 15
VisualStudioVersion = 15.0.27130.2026
MinimumVisualStudioVersion = 10.0.40219.1
Project("{FAE04EC0-301F-11D3-BF4B-00C04F79EFBC}") = "Atlyginimo_skaičiuoklė", "Atlyginimo_skaičiuoklė\Atlyginimo_skaičiuoklė.csproj", "{F17598DB-84A4-4929-9496-37FA8C30CAE0}"
EndProject
Global
	GlobalSection(SolutionConfigurationPlatforms) = preSolution
		Debug|Any CPU = Debug|Any CPU
		Release|Any CPU = Release|Any CPU
	EndGlobalSection
	GlobalSection(ProjectConfigurationPlatforms) = postSolution
		{F17598DB-84A4-4929-9496-37FA8C30CAE0}.Debug|Any CPU.ActiveCfg = Debug|Any CPU
		{F17598DB-84A4-4929-9496-37FA8C30CAE0}.Debug|Any CPU.Build.0 = Debug|Any CPU
		{F17598DB-84A4-4929-9496-37FA8C30CAE0}.Release|Any CPU.ActiveCfg = Release|Any CPU
		{F17598DB-84A4-4929-9496-37FA8C30CAE0}.Release|Any CPU.Build.0 = Release|Any CPU
	EndGlobalSection
	GlobalSection(SolutionProperties) = preSolution
		HideSolutionNode = FALSE
	EndGlobalSection
	GlobalSection(ExtensibilityGlobals) = postSolution
		SolutionGuid = {83F544E2-DFD8-413E-B39C-88D7D83A9EC1}
	EndGlobalSection
EndGlobal
